
Microsoft Visual Studio Solution File, Format Version 12.00
# Visual Studio Version 16
VisualStudioVersion = 16.0.30002.166
MinimumVisualStudioVersion = 10.0.40219.1
Project("{FAE04EC0-301F-11D3-BF4B-00C04F79EFBC}") = "SimpleRecorder", "SimpleRecorder\SimpleRecorder.csproj", "{4BA5485A-9122-404C-8FE3-15A8A0E31E40}"
EndProject
Project("{9A19103F-16F7-4668-BE54-9A1E7A4F7556}") = "CaptureUtils", "CaptureUtils\CaptureUtils.csproj", "{D01974CB-4F3E-4E0D-A781-CDE0A8CBFA4D}"
EndProject
Project("{C7167F0D-BC9F-4E6E-AFE1-012C56B48DB5}") = "Recorder", "Recorder\Recorder.wapproj", "{55FF24DB-1C4E-4BFF-8300-8120EA48BB02}"
EndProject
Project("{FAE04EC0-301F-11D3-BF4B-00C04F79EFBC}") = "PowerpointAppService", "PowerpointAppService\PowerpointAppService.csproj", "{B2588D28-59DD-4086-A0FA-B2FFCF2C9128}"
EndProject
Global
	GlobalSection(SolutionConfigurationPlatforms) = preSolution
		Debug|Any CPU = Debug|Any CPU
		Debug|ARM = Debug|ARM
		Debug|ARM64 = Debug|ARM64
		Debug|x64 = Debug|x64
		Debug|x86 = Debug|x86
		Release|Any CPU = Release|Any CPU
		Release|ARM = Release|ARM
		Release|ARM64 = Release|ARM64
		Release|x64 = Release|x64
		Release|x86 = Release|x86
	EndGlobalSection
	GlobalSection(ProjectConfigurationPlatforms) = postSolution
		{4BA5485A-9122-404C-8FE3-15A8A0E31E40}.Debug|Any CPU.ActiveCfg = Debug|x86
		{4BA5485A-9122-404C-8FE3-15A8A0E31E40}.Debug|Any CPU.Build.0 = Debug|x86
		{4BA5485A-9122-404C-8FE3-15A8A0E31E40}.Debug|ARM.ActiveCfg = Debug|ARM
		{4BA5485A-9122-404C-8FE3-15A8A0E31E40}.Debug|ARM.Build.0 = Debug|ARM
		{4BA5485A-9122-404C-8FE3-15A8A0E31E40}.Debug|ARM.Deploy.0 = Debug|ARM
		{4BA5485A-9122-404C-8FE3-15A8A0E31E40}.Debug|ARM64.ActiveCfg = Debug|ARM64
		{4BA5485A-9122-404C-8FE3-15A8A0E31E40}.Debug|ARM64.Build.0 = Debug|ARM64
		{4BA5485A-9122-404C-8FE3-15A8A0E31E40}.Debug|ARM64.Deploy.0 = Debug|ARM64
		{4BA5485A-9122-404C-8FE3-15A8A0E31E40}.Debug|x64.ActiveCfg = Debug|x64
		{4BA5485A-9122-404C-8FE3-15A8A0E31E40}.Debug|x64.Build.0 = Debug|x64
		{4BA5485A-9122-404C-8FE3-15A8A0E31E40}.Debug|x64.Deploy.0 = Debug|x64
		{4BA5485A-9122-404C-8FE3-15A8A0E31E40}.Debug|x86.ActiveCfg = Debug|x86
		{4BA5485A-9122-404C-8FE3-15A8A0E31E40}.Debug|x86.Build.0 = Debug|x86
		{4BA5485A-9122-404C-8FE3-15A8A0E31E40}.Debug|x86.Deploy.0 = Debug|x86
		{4BA5485A-9122-404C-8FE3-15A8A0E31E40}.Release|Any CPU.ActiveCfg = Release|x86
		{4BA5485A-9122-404C-8FE3-15A8A0E31E40}.Release|ARM.ActiveCfg = Release|ARM
		{4BA5485A-9122-404C-8FE3-15A8A0E31E40}.Release|ARM.Build.0 = Release|ARM
		{4BA5485A-9122-404C-8FE3-15A8A0E31E40}.Release|ARM.Deploy.0 = Release|ARM
		{4BA5485A-9122-404C-8FE3-15A8A0E31E40}.Release|ARM64.ActiveCfg = Release|ARM64
		{4BA5485A-9122-404C-8FE3-15A8A0E31E40}.Release|ARM64.Build.0 = Release|ARM64
		{4BA5485A-9122-404C-8FE3-15A8A0E31E40}.Release|ARM64.Deploy.0 = Release|ARM64
		{4BA5485A-9122-404C-8FE3-15A8A0E31E40}.Release|x64.ActiveCfg = Release|x64
		{4BA5485A-9122-404C-8FE3-15A8A0E31E40}.Release|x64.Build.0 = Release|x64
		{4BA5485A-9122-404C-8FE3-15A8A0E31E40}.Release|x64.Deploy.0 = Release|x64
		{4BA5485A-9122-404C-8FE3-15A8A0E31E40}.Release|x86.ActiveCfg = Release|x86
		{4BA5485A-9122-404C-8FE3-15A8A0E31E40}.Release|x86.Build.0 = Release|x86
		{4BA5485A-9122-404C-8FE3-15A8A0E31E40}.Release|x86.Deploy.0 = Release|x86
		{D01974CB-4F3E-4E0D-A781-CDE0A8CBFA4D}.Debug|Any CPU.ActiveCfg = Debug|Any CPU
		{D01974CB-4F3E-4E0D-A781-CDE0A8CBFA4D}.Debug|Any CPU.Build.0 = Debug|Any CPU
		{D01974CB-4F3E-4E0D-A781-CDE0A8CBFA4D}.Debug|ARM.ActiveCfg = Debug|Any CPU
		{D01974CB-4F3E-4E0D-A781-CDE0A8CBFA4D}.Debug|ARM.Build.0 = Debug|Any CPU
		{D01974CB-4F3E-4E0D-A781-CDE0A8CBFA4D}.Debug|ARM64.ActiveCfg = Debug|Any CPU
		{D01974CB-4F3E-4E0D-A781-CDE0A8CBFA4D}.Debug|ARM64.Build.0 = Debug|Any CPU
		{D01974CB-4F3E-4E0D-A781-CDE0A8CBFA4D}.Debug|x64.ActiveCfg = Debug|Any CPU
		{D01974CB-4F3E-4E0D-A781-CDE0A8CBFA4D}.Debug|x64.Build.0 = Debug|Any CPU
		{D01974CB-4F3E-4E0D-A781-CDE0A8CBFA4D}.Debug|x86.ActiveCfg = Debug|Any CPU
		{D01974CB-4F3E-4E0D-A781-CDE0A8CBFA4D}.Debug|x86.Build.0 = Debug|Any CPU
		{D01974CB-4F3E-4E0D-A781-CDE0A8CBFA4D}.Release|Any CPU.ActiveCfg = Release|Any CPU
		{D01974CB-4F3E-4E0D-A781-CDE0A8CBFA4D}.Release|Any CPU.Build.0 = Release|Any CPU
		{D01974CB-4F3E-4E0D-A781-CDE0A8CBFA4D}.Release|ARM.ActiveCfg = Release|Any CPU
		{D01974CB-4F3E-4E0D-A781-CDE0A8CBFA4D}.Release|ARM.Build.0 = Release|Any CPU
		{D01974CB-4F3E-4E0D-A781-CDE0A8CBFA4D}.Release|ARM64.ActiveCfg = Release|Any CPU
		{D01974CB-4F3E-4E0D-A781-CDE0A8CBFA4D}.Release|ARM64.Build.0 = Release|Any CPU
		{D01974CB-4F3E-4E0D-A781-CDE0A8CBFA4D}.Release|x64.ActiveCfg = Release|Any CPU
		{D01974CB-4F3E-4E0D-A781-CDE0A8CBFA4D}.Release|x64.Build.0 = Release|Any CPU
		{D01974CB-4F3E-4E0D-A781-CDE0A8CBFA4D}.Release|x86.ActiveCfg = Release|Any CPU
		{D01974CB-4F3E-4E0D-A781-CDE0A8CBFA4D}.Release|x86.Build.0 = Release|Any CPU
		{55FF24DB-1C4E-4BFF-8300-8120EA48BB02}.Debug|Any CPU.ActiveCfg = Debug|Any CPU
		{55FF24DB-1C4E-4BFF-8300-8120EA48BB02}.Debug|Any CPU.Build.0 = Debug|Any CPU
		{55FF24DB-1C4E-4BFF-8300-8120EA48BB02}.Debug|Any CPU.Deploy.0 = Debug|Any CPU
		{55FF24DB-1C4E-4BFF-8300-8120EA48BB02}.Debug|ARM.ActiveCfg = Debug|ARM
		{55FF24DB-1C4E-4BFF-8300-8120EA48BB02}.Debug|ARM.Build.0 = Debug|ARM
		{55FF24DB-1C4E-4BFF-8300-8120EA48BB02}.Debug|ARM.Deploy.0 = Debug|ARM
		{55FF24DB-1C4E-4BFF-8300-8120EA48BB02}.Debug|ARM64.ActiveCfg = Debug|ARM64
		{55FF24DB-1C4E-4BFF-8300-8120EA48BB02}.Debug|ARM64.Build.0 = Debug|ARM64
		{55FF24DB-1C4E-4BFF-8300-8120EA48BB02}.Debug|ARM64.Deploy.0 = Debug|ARM64
		{55FF24DB-1C4E-4BFF-8300-8120EA48BB02}.Debug|x64.ActiveCfg = Debug|x64
		{55FF24DB-1C4E-4BFF-8300-8120EA48BB02}.Debug|x64.Build.0 = Debug|x64
		{55FF24DB-1C4E-4BFF-8300-8120EA48BB02}.Debug|x64.Deploy.0 = Debug|x64
		{55FF24DB-1C4E-4BFF-8300-8120EA48BB02}.Debug|x86.ActiveCfg = Debug|x86
		{55FF24DB-1C4E-4BFF-8300-8120EA48BB02}.Debug|x86.Build.0 = Debug|x86
		{55FF24DB-1C4E-4BFF-8300-8120EA48BB02}.Debug|x86.Deploy.0 = Debug|x86
		{55FF24DB-1C4E-4BFF-8300-8120EA48BB02}.Release|Any CPU.ActiveCfg = Release|Any CPU
		{55FF24DB-1C4E-4BFF-8300-8120EA48BB02}.Release|Any CPU.Build.0 = Release|Any CPU
		{55FF24DB-1C4E-4BFF-8300-8120EA48BB02}.Release|Any CPU.Deploy.0 = Release|Any CPU
		{55FF24DB-1C4E-4BFF-8300-8120EA48BB02}.Release|ARM.ActiveCfg = Release|ARM
		{55FF24DB-1C4E-4BFF-8300-8120EA48BB02}.Release|ARM.Build.0 = Release|ARM
		{55FF24DB-1C4E-4BFF-8300-8120EA48BB02}.Release|ARM.Deploy.0 = Release|ARM
		{55FF24DB-1C4E-4BFF-8300-8120EA48BB02}.Release|ARM64.ActiveCfg = Release|ARM64
		{55FF24DB-1C4E-4BFF-8300-8120EA48BB02}.Release|ARM64.Build.0 = Release|ARM64
		{55FF24DB-1C4E-4BFF-8300-8120EA48BB02}.Release|ARM64.Deploy.0 = Release|ARM64
		{55FF24DB-1C4E-4BFF-8300-8120EA48BB02}.Release|x64.ActiveCfg = Release|x64
		{55FF24DB-1C4E-4BFF-8300-8120EA48BB02}.Release|x64.Build.0 = Release|x64
		{55FF24DB-1C4E-4BFF-8300-8120EA48BB02}.Release|x64.Deploy.0 = Release|x64
		{55FF24DB-1C4E-4BFF-8300-8120EA48BB02}.Release|x86.ActiveCfg = Release|x86
		{55FF24DB-1C4E-4BFF-8300-8120EA48BB02}.Release|x86.Build.0 = Release|x86
		{55FF24DB-1C4E-4BFF-8300-8120EA48BB02}.Release|x86.Deploy.0 = Release|x86
		{B2588D28-59DD-4086-A0FA-B2FFCF2C9128}.Debug|Any CPU.ActiveCfg = Debug|Any CPU
		{B2588D28-59DD-4086-A0FA-B2FFCF2C9128}.Debug|Any CPU.Build.0 = Debug|Any CPU
		{B2588D28-59DD-4086-A0FA-B2FFCF2C9128}.Debug|ARM.ActiveCfg = Debug|Any CPU
		{B2588D28-59DD-4086-A0FA-B2FFCF2C9128}.Debug|ARM.Build.0 = Debug|Any CPU
		{B2588D28-59DD-4086-A0FA-B2FFCF2C9128}.Debug|ARM64.ActiveCfg = Debug|Any CPU
		{B2588D28-59DD-4086-A0FA-B2FFCF2C9128}.Debug|ARM64.Build.0 = Debug|Any CPU
		{B2588D28-59DD-4086-A0FA-B2FFCF2C9128}.Debug|x64.ActiveCfg = Debug|Any CPU
		{B2588D28-59DD-4086-A0FA-B2FFCF2C9128}.Debug|x64.Build.0 = Debug|Any CPU
		{B2588D28-59DD-4086-A0FA-B2FFCF2C9128}.Debug|x86.ActiveCfg = Debug|Any CPU
		{B2588D28-59DD-4086-A0FA-B2FFCF2C9128}.Debug|x86.Build.0 = Debug|Any CPU
		{B2588D28-59DD-4086-A0FA-B2FFCF2C9128}.Release|Any CPU.ActiveCfg = Release|Any CPU
		{B2588D28-59DD-4086-A0FA-B2FFCF2C9128}.Release|Any CPU.Build.0 = Release|Any CPU
		{B2588D28-59DD-4086-A0FA-B2FFCF2C9128}.Release|ARM.ActiveCfg = Release|Any CPU
		{B2588D28-59DD-4086-A0FA-B2FFCF2C9128}.Release|ARM.Build.0 = Release|Any CPU
		{B2588D28-59DD-4086-A0FA-B2FFCF2C9128}.Release|ARM64.ActiveCfg = Release|Any CPU
		{B2588D28-59DD-4086-A0FA-B2FFCF2C9128}.Release|ARM64.Build.0 = Release|Any CPU
		{B2588D28-59DD-4086-A0FA-B2FFCF2C9128}.Release|x64.ActiveCfg = Release|Any CPU
		{B2588D28-59DD-4086-A0FA-B2FFCF2C9128}.Release|x64.Build.0 = Release|Any CPU
		{B2588D28-59DD-4086-A0FA-B2FFCF2C9128}.Release|x86.ActiveCfg = Release|Any CPU
		{B2588D28-59DD-4086-A0FA-B2FFCF2C9128}.Release|x86.Build.0 = Release|Any CPU
	EndGlobalSection
	GlobalSection(SolutionProperties) = preSolution
		HideSolutionNode = FALSE
	EndGlobalSection
	GlobalSection(ExtensibilityGlobals) = postSolution
		SolutionGuid = {148E0D38-5A53-4300-A035-CC4231108226}
	EndGlobalSection
EndGlobal
