
Microsoft Visual Studio Solution File, Format Version 12.00
# Visual Studio Version 16
VisualStudioVersion = 16.0.31410.357
MinimumVisualStudioVersion = 10.0.40219.1
Project("{FAE04EC0-301F-11D3-BF4B-00C04F79EFBC}") = "TK Recorder", "TK Recorder\TK Recorder.csproj", "{931BE0E1-A268-4035-8BD3-193E6D3D8807}"
EndProject
Project("{FAE04EC0-301F-11D3-BF4B-00C04F79EFBC}") = "PowerpointAppService", "PowerpointAppService\PowerpointAppService.csproj", "{7500D16B-E8E8-44D2-B6C3-EA172EC6E37C}"
EndProject
Project("{C7167F0D-BC9F-4E6E-AFE1-012C56B48DB5}") = "Recorder", "Recorder\Recorder.wapproj", "{683F3FE7-E3D9-408A-9BDE-4F1BCD337F69}"
EndProject
Global
	GlobalSection(SolutionConfigurationPlatforms) = preSolution
		Debug|Any CPU = Debug|Any CPU
		Debug|ARM = Debug|ARM
		Debug|ARM64 = Debug|ARM64
		Debug|x64 = Debug|x64
		Debug|x86 = Debug|x86
		Release|Any CPU = Release|Any CPU
		Release|ARM = Release|ARM
		Release|ARM64 = Release|ARM64
		Release|x64 = Release|x64
		Release|x86 = Release|x86
	EndGlobalSection
	GlobalSection(ProjectConfigurationPlatforms) = postSolution
		{931BE0E1-A268-4035-8BD3-193E6D3D8807}.Debug|Any CPU.ActiveCfg = Debug|x86
		{931BE0E1-A268-4035-8BD3-193E6D3D8807}.Debug|ARM.ActiveCfg = Debug|ARM
		{931BE0E1-A268-4035-8BD3-193E6D3D8807}.Debug|ARM.Build.0 = Debug|ARM
		{931BE0E1-A268-4035-8BD3-193E6D3D8807}.Debug|ARM.Deploy.0 = Debug|ARM
		{931BE0E1-A268-4035-8BD3-193E6D3D8807}.Debug|ARM64.ActiveCfg = Debug|ARM64
		{931BE0E1-A268-4035-8BD3-193E6D3D8807}.Debug|ARM64.Build.0 = Debug|ARM64
		{931BE0E1-A268-4035-8BD3-193E6D3D8807}.Debug|ARM64.Deploy.0 = Debug|ARM64
		{931BE0E1-A268-4035-8BD3-193E6D3D8807}.Debug|x64.ActiveCfg = Debug|x64
		{931BE0E1-A268-4035-8BD3-193E6D3D8807}.Debug|x64.Build.0 = Debug|x64
		{931BE0E1-A268-4035-8BD3-193E6D3D8807}.Debug|x64.Deploy.0 = Debug|x64
		{931BE0E1-A268-4035-8BD3-193E6D3D8807}.Debug|x86.ActiveCfg = Debug|x86
		{931BE0E1-A268-4035-8BD3-193E6D3D8807}.Debug|x86.Build.0 = Debug|x86
		{931BE0E1-A268-4035-8BD3-193E6D3D8807}.Debug|x86.Deploy.0 = Debug|x86
		{931BE0E1-A268-4035-8BD3-193E6D3D8807}.Release|Any CPU.ActiveCfg = Release|x86
		{931BE0E1-A268-4035-8BD3-193E6D3D8807}.Release|ARM.ActiveCfg = Release|ARM
		{931BE0E1-A268-4035-8BD3-193E6D3D8807}.Release|ARM.Build.0 = Release|ARM
		{931BE0E1-A268-4035-8BD3-193E6D3D8807}.Release|ARM.Deploy.0 = Release|ARM
		{931BE0E1-A268-4035-8BD3-193E6D3D8807}.Release|ARM64.ActiveCfg = Release|ARM64
		{931BE0E1-A268-4035-8BD3-193E6D3D8807}.Release|ARM64.Build.0 = Release|ARM64
		{931BE0E1-A268-4035-8BD3-193E6D3D8807}.Release|ARM64.Deploy.0 = Release|ARM64
		{931BE0E1-A268-4035-8BD3-193E6D3D8807}.Release|x64.ActiveCfg = Release|x64
		{931BE0E1-A268-4035-8BD3-193E6D3D8807}.Release|x64.Build.0 = Release|x64
		{931BE0E1-A268-4035-8BD3-193E6D3D8807}.Release|x64.Deploy.0 = Release|x64
		{931BE0E1-A268-4035-8BD3-193E6D3D8807}.Release|x86.ActiveCfg = Release|x86
		{931BE0E1-A268-4035-8BD3-193E6D3D8807}.Release|x86.Build.0 = Release|x86
		{931BE0E1-A268-4035-8BD3-193E6D3D8807}.Release|x86.Deploy.0 = Release|x86
		{7500D16B-E8E8-44D2-B6C3-EA172EC6E37C}.Debug|Any CPU.ActiveCfg = Debug|Any CPU
		{7500D16B-E8E8-44D2-B6C3-EA172EC6E37C}.Debug|Any CPU.Build.0 = Debug|Any CPU
		{7500D16B-E8E8-44D2-B6C3-EA172EC6E37C}.Debug|ARM.ActiveCfg = Debug|Any CPU
		{7500D16B-E8E8-44D2-B6C3-EA172EC6E37C}.Debug|ARM.Build.0 = Debug|Any CPU
		{7500D16B-E8E8-44D2-B6C3-EA172EC6E37C}.Debug|ARM64.ActiveCfg = Debug|Any CPU
		{7500D16B-E8E8-44D2-B6C3-EA172EC6E37C}.Debug|ARM64.Build.0 = Debug|Any CPU
		{7500D16B-E8E8-44D2-B6C3-EA172EC6E37C}.Debug|x64.ActiveCfg = Debug|Any CPU
		{7500D16B-E8E8-44D2-B6C3-EA172EC6E37C}.Debug|x64.Build.0 = Debug|Any CPU
		{7500D16B-E8E8-44D2-B6C3-EA172EC6E37C}.Debug|x86.ActiveCfg = Debug|Any CPU
		{7500D16B-E8E8-44D2-B6C3-EA172EC6E37C}.Debug|x86.Build.0 = Debug|Any CPU
		{7500D16B-E8E8-44D2-B6C3-EA172EC6E37C}.Release|Any CPU.ActiveCfg = Release|Any CPU
		{7500D16B-E8E8-44D2-B6C3-EA172EC6E37C}.Release|Any CPU.Build.0 = Release|Any CPU
		{7500D16B-E8E8-44D2-B6C3-EA172EC6E37C}.Release|ARM.ActiveCfg = Release|Any CPU
		{7500D16B-E8E8-44D2-B6C3-EA172EC6E37C}.Release|ARM.Build.0 = Release|Any CPU
		{7500D16B-E8E8-44D2-B6C3-EA172EC6E37C}.Release|ARM64.ActiveCfg = Release|Any CPU
		{7500D16B-E8E8-44D2-B6C3-EA172EC6E37C}.Release|ARM64.Build.0 = Release|Any CPU
		{7500D16B-E8E8-44D2-B6C3-EA172EC6E37C}.Release|x64.ActiveCfg = Release|Any CPU
		{7500D16B-E8E8-44D2-B6C3-EA172EC6E37C}.Release|x64.Build.0 = Release|Any CPU
		{7500D16B-E8E8-44D2-B6C3-EA172EC6E37C}.Release|x86.ActiveCfg = Release|Any CPU
		{7500D16B-E8E8-44D2-B6C3-EA172EC6E37C}.Release|x86.Build.0 = Release|Any CPU
		{683F3FE7-E3D9-408A-9BDE-4F1BCD337F69}.Debug|Any CPU.ActiveCfg = Debug|Any CPU
		{683F3FE7-E3D9-408A-9BDE-4F1BCD337F69}.Debug|Any CPU.Build.0 = Debug|Any CPU
		{683F3FE7-E3D9-408A-9BDE-4F1BCD337F69}.Debug|Any CPU.Deploy.0 = Debug|Any CPU
		{683F3FE7-E3D9-408A-9BDE-4F1BCD337F69}.Debug|ARM.ActiveCfg = Debug|ARM
		{683F3FE7-E3D9-408A-9BDE-4F1BCD337F69}.Debug|ARM.Build.0 = Debug|ARM
		{683F3FE7-E3D9-408A-9BDE-4F1BCD337F69}.Debug|ARM.Deploy.0 = Debug|ARM
		{683F3FE7-E3D9-408A-9BDE-4F1BCD337F69}.Debug|ARM64.ActiveCfg = Debug|ARM64
		{683F3FE7-E3D9-408A-9BDE-4F1BCD337F69}.Debug|ARM64.Build.0 = Debug|ARM64
		{683F3FE7-E3D9-408A-9BDE-4F1BCD337F69}.Debug|ARM64.Deploy.0 = Debug|ARM64
		{683F3FE7-E3D9-408A-9BDE-4F1BCD337F69}.Debug|x64.ActiveCfg = Debug|x64
		{683F3FE7-E3D9-408A-9BDE-4F1BCD337F69}.Debug|x64.Build.0 = Debug|x64
		{683F3FE7-E3D9-408A-9BDE-4F1BCD337F69}.Debug|x64.Deploy.0 = Debug|x64
		{683F3FE7-E3D9-408A-9BDE-4F1BCD337F69}.Debug|x86.ActiveCfg = Debug|x86
		{683F3FE7-E3D9-408A-9BDE-4F1BCD337F69}.Debug|x86.Build.0 = Debug|x86
		{683F3FE7-E3D9-408A-9BDE-4F1BCD337F69}.Debug|x86.Deploy.0 = Debug|x86
		{683F3FE7-E3D9-408A-9BDE-4F1BCD337F69}.Release|Any CPU.ActiveCfg = Release|Any CPU
		{683F3FE7-E3D9-408A-9BDE-4F1BCD337F69}.Release|Any CPU.Build.0 = Release|Any CPU
		{683F3FE7-E3D9-408A-9BDE-4F1BCD337F69}.Release|Any CPU.Deploy.0 = Release|Any CPU
		{683F3FE7-E3D9-408A-9BDE-4F1BCD337F69}.Release|ARM.ActiveCfg = Release|ARM
		{683F3FE7-E3D9-408A-9BDE-4F1BCD337F69}.Release|ARM.Build.0 = Release|ARM
		{683F3FE7-E3D9-408A-9BDE-4F1BCD337F69}.Release|ARM.Deploy.0 = Release|ARM
		{683F3FE7-E3D9-408A-9BDE-4F1BCD337F69}.Release|ARM64.ActiveCfg = Release|ARM64
		{683F3FE7-E3D9-408A-9BDE-4F1BCD337F69}.Release|ARM64.Build.0 = Release|ARM64
		{683F3FE7-E3D9-408A-9BDE-4F1BCD337F69}.Release|ARM64.Deploy.0 = Release|ARM64
		{683F3FE7-E3D9-408A-9BDE-4F1BCD337F69}.Release|x64.ActiveCfg = Release|x64
		{683F3FE7-E3D9-408A-9BDE-4F1BCD337F69}.Release|x64.Build.0 = Release|x64
		{683F3FE7-E3D9-408A-9BDE-4F1BCD337F69}.Release|x64.Deploy.0 = Release|x64
		{683F3FE7-E3D9-408A-9BDE-4F1BCD337F69}.Release|x86.ActiveCfg = Release|x86
		{683F3FE7-E3D9-408A-9BDE-4F1BCD337F69}.Release|x86.Build.0 = Release|x86
		{683F3FE7-E3D9-408A-9BDE-4F1BCD337F69}.Release|x86.Deploy.0 = Release|x86
	EndGlobalSection
	GlobalSection(SolutionProperties) = preSolution
		HideSolutionNode = FALSE
	EndGlobalSection
	GlobalSection(ExtensibilityGlobals) = postSolution
		SolutionGuid = {A99F25D8-653C-41E8-A7F1-53179C443A44}
	EndGlobalSection
EndGlobal
